<?xml version="1.0" encoding="utf-8"?>
<Project ToolsVersion="4.0" xmlns="http://schemas.microsoft.com/developer/msbuild/2003">
  <ItemGroup>
    <Filter Include="Source Files">
      <UniqueIdentifier>{4FC737F1-C7A5-4376-A066-2A32D752A2FF}</UniqueIdentifier>
      <Extensions>cpp;c;cc;cxx;def;odl;idl;hpj;bat;asm;asmx</Extensions>
    </Filter>
    <Filter Include="Header Files">
      <UniqueIdentifier>{93995380-89BD-4b04-88EB-625FBE52EBFB}</UniqueIdentifier>
      <Extensions>h;hh;hpp;hxx;hm;inl;inc;xsd</Extensions>
    </Filter>
    <Filter Include="Resource Files">
      <UniqueIdentifier>{D9D6E242-F8AF-46E4-B9FD-80ECBC20BA3E}</UniqueIdentifier>
      <Extensions>qrc;*</Extensions>
      <ParseFiles>false</ParseFiles>
    </Filter>
    <Filter Include="Form Files">
      <UniqueIdentifier>{99349809-55BA-4b9d-BF79-8FDBB0286EB3}</UniqueIdentifier>
      <Extensions>ui</Extensions>
    </Filter>
    <Filter Include="Resource Files">
      <UniqueIdentifier>{D9D6E242-F8AF-46E4-B9FD-80ECBC20BA3E}</UniqueIdentifier>
      <Extensions>qrc;*</Extensions>
      <ParseFiles>false</ParseFiles>
    </Filter>
  </ItemGroup>
  <ItemGroup>
    <ClCompile Include="main.cpp">
      <Filter>Source Files</Filter>
    </ClCompile>
    <ClCompile Include="ZhouYouAccelerator.cpp">
      <Filter>Source Files</Filter>
    </ClCompile>
    <ClCompile Include="AboutZhouYouWidget.cpp">
      <Filter>Source Files</Filter>
    </ClCompile>
    <ClCompile Include="FeedBackWidget.cpp">
      <Filter>Source Files</Filter>
    </ClCompile>
    <ClCompile Include="SystemSettingWidget.cpp">
      <Filter>Source Files</Filter>
    </ClCompile>
    <ClCompile Include="LoginInterface.cpp">
      <Filter>Source Files</Filter>
    </ClCompile>
    <ClCompile Include="PersonalCenterWidget.cpp">
      <Filter>Source Files</Filter>
    </ClCompile>
    <ClCompile Include="ChageUserAccountWidget.cpp">
      <Filter>Source Files</Filter>
    </ClCompile>
    <ClCompile Include="InterfaceAPI.cpp">
      <Filter>Source Files</Filter>
    </ClCompile>
    <ClCompile Include="StationInformationWidget.cpp">
      <Filter>Source Files</Filter>
    </ClCompile>
    <ClCompile Include="StationDetailsInfomationWidget.cpp">
      <Filter>Source Files</Filter>
    </ClCompile>
  </ItemGroup>
  <ItemGroup>
    <QtMoc Include="ZhouYouAccelerator.h">
      <Filter>Header Files</Filter>
    </QtMoc>
    <QtMoc Include="AboutZhouYouWidget.h">
      <Filter>Header Files</Filter>
    </QtMoc>
    <QtMoc Include="FeedBackWidget.h">
      <Filter>Header Files</Filter>
    </QtMoc>
    <QtMoc Include="SystemSettingWidget.h">
      <Filter>Header Files</Filter>
    </QtMoc>
    <QtMoc Include="LoginInterface.h">
      <Filter>Header Files</Filter>
    </QtMoc>
    <QtMoc Include="PersonalCenterWidget.h">
      <Filter>Header Files</Filter>
    </QtMoc>
    <QtMoc Include="ChageUserAccountWidget.h">
      <Filter>Header Files</Filter>
    </QtMoc>
    <QtMoc Include="InterfaceAPI.h">
      <Filter>Header Files</Filter>
    </QtMoc>
    <QtMoc Include="StationInformationWidget.h">
      <Filter>Header Files</Filter>
    </QtMoc>
    <QtMoc Include="StationDetailsInfomationWidget.h">
      <Filter>Header Files</Filter>
    </QtMoc>
  </ItemGroup>
  <ItemGroup>
    <QtUic Include="ZhouYouAccelerator.ui">
      <Filter>Form Files</Filter>
    </QtUic>
    <QtUic Include="AboutZhouYouWidget.ui">
      <Filter>Form Files</Filter>
    </QtUic>
    <QtUic Include="FeedBackWidget.ui">
      <Filter>Form Files</Filter>
    </QtUic>
    <QtUic Include="SystemSettingWidget.ui">
      <Filter>Form Files</Filter>
    </QtUic>
    <QtUic Include="LoginInterface.ui">
      <Filter>Form Files</Filter>
    </QtUic>
    <QtUic Include="PersonalCenterWidget.ui">
      <Filter>Form Files</Filter>
    </QtUic>
    <QtUic Include="ChageUserAccountWidget.ui">
      <Filter>Form Files</Filter>
    </QtUic>
    <QtUic Include="StationInformationWidget.ui">
      <Filter>Form Files</Filter>
    </QtUic>
    <QtUic Include="StationDetailsInfomationWidget.ui">
      <Filter>Form Files</Filter>
    </QtUic>
  </ItemGroup>
  <ItemGroup>
    <QtRcc Include="ZhouYouAccelerator.qrc">
      <Filter>Resource Files</Filter>
    </QtRcc>
    <QtRcc Include="image.qrc">
      <Filter>Resource Files</Filter>
    </QtRcc>
  </ItemGroup>
</Project>